{
  "name": "dictionary",
  "lockfileVersion": 3,
  "requires": true,
  "packages": {
    "": {
      "dependencies": {
        "@tanstack/react-query": "^5.59.15",
        "dom": "^0.0.3",
        "react": "^18.3.1",
        "router-dom": "^3.0.1",
        "zustand": "^5.0.0"
      }
    },
    "node_modules/@tanstack/query-core": {
      "version": "5.59.13",
      "resolved": "https://registry.npmjs.org/@tanstack/query-core/-/query-core-5.59.13.tgz",
      "integrity": "sha512-Oou0bBu/P8+oYjXsJQ11j+gcpLAMpqW42UlokQYEz4dE7+hOtVO9rVuolJKgEccqzvyFzqX4/zZWY+R/v1wVsQ==",
      "license": "MIT",
      "funding": {
        "type": "github",
        "url": "https://github.com/sponsors/tannerlinsley"
      }
    },
    "node_modules/@tanstack/react-query": {
      "version": "5.59.15",
      "resolved": "https://registry.npmjs.org/@tanstack/react-query/-/react-query-5.59.15.tgz",
      "integrity": "sha512-QbVlAkTI78wB4Mqgf2RDmgC0AOiJqer2c5k9STOOSXGv1S6ZkY37r/6UpE8DbQ2Du0ohsdoXgFNEyv+4eDoPEw==",
      "license": "MIT",
      "dependencies": {
        "@tanstack/query-core": "5.59.13"
      },
      "funding": {
        "type": "github",
        "url": "https://github.com/sponsors/tannerlinsley"
      },
      "peerDependencies": {
        "react": "^18 || ^19"
      }
    },
    "node_modules/dom": {
      "version": "0.0.3",
      "resolved": "https://registry.npmjs.org/dom/-/dom-0.0.3.tgz",
      "integrity": "sha512-Uzda1zIAXO8JG2fm6IbJcdzBrRaC5Q308HTIjCXCQHh7ZVACJOeQzYYvd99plJ2/HUpZQk9IxNI/Y+QrO6poIQ==",
      "license": "MIT"
    },
    "node_modules/hydro-js": {
      "version": "1.5.22",
      "resolved": "https://registry.npmjs.org/hydro-js/-/hydro-js-1.5.22.tgz",
      "integrity": "sha512-Pk9/Dlsqvt+y4vjF1reAroXXirKyHsjyysgbgy6xO/7tvLAQMO4RP3E2K59D+MfiuW0gG99pgcFQadiDj5n9pg==",
      "license": "MIT"
    },
    "node_modules/js-tokens": {
      "version": "4.0.0",
      "resolved": "https://registry.npmjs.org/js-tokens/-/js-tokens-4.0.0.tgz",
      "integrity": "sha512-RdJUflcE3cUzKiMqQgsCu06FPu9UdIJO0beYbPhHN4k6apgJtifcoCtT9bcxOpYBtpD2kCM6Sbzg4CausW/PKQ==",
      "license": "MIT"
    },
    "node_modules/loose-envify": {
      "version": "1.4.0",
      "resolved": "https://registry.npmjs.org/loose-envify/-/loose-envify-1.4.0.tgz",
      "integrity": "sha512-lyuxPGr/Wfhrlem2CL/UcnUc1zcqKAImBDzukY7Y5F/yQiNdko6+fRLevlw1HgMySw7f611UIY408EtxRSoK3Q==",
      "license": "MIT",
      "dependencies": {
        "js-tokens": "^3.0.0 || ^4.0.0"
      },
      "bin": {
        "loose-envify": "cli.js"
      }
    },
    "node_modules/path-to-regexp": {
      "version": "6.3.0",
      "resolved": "https://registry.npmjs.org/path-to-regexp/-/path-to-regexp-6.3.0.tgz",
      "integrity": "sha512-Yhpw4T9C6hPpgPeA28us07OJeqZ5EzQTkbfwuhsUg0c237RomFoETJgmp2sa3F/41gfLE6G5cqcYwznmeEeOlQ==",
      "license": "MIT"
    },
    "node_modules/react": {
      "version": "18.3.1",
      "resolved": "https://registry.npmjs.org/react/-/react-18.3.1.tgz",
      "integrity": "sha512-wS+hAgJShR0KhEvPJArfuPVN1+Hz1t0Y6n5jLrGQbkb4urgPE/0Rve+1kMB1v/oWgHgm4WIcV+i7F2pTVj+2iQ==",
      "license": "MIT",
      "dependencies": {
        "loose-envify": "^1.1.0"
      },
      "engines": {
        "node": ">=0.10.0"
      }
    },
    "node_modules/router-dom": {
      "version": "3.0.1",
      "resolved": "https://registry.npmjs.org/router-dom/-/router-dom-3.0.1.tgz",
      "integrity": "sha512-vXSZ2vIbA+5jvyvUTQhAOErPGDo3GBbu8kiTvIX5l6yCuFjE7hC5V2in2N9Rp8Ay9bTOOYZboRobxT8OynYigw==",
      "license": "MIT",
      "dependencies": {
        "hydro-js": "^1.5.21",
        "path-to-regexp": "6.3.0"
      }
    },
    "node_modules/zustand": {
      "version": "5.0.0",
      "resolved": "https://registry.npmjs.org/zustand/-/zustand-5.0.0.tgz",
      "integrity": "sha512-LE+VcmbartOPM+auOjCCLQOsQ05zUTp8RkgwRzefUk+2jISdMMFnxvyTjA4YNWr5ZGXYbVsEMZosttuxUBkojQ==",
      "license": "MIT",
      "engines": {
        "node": ">=12.20.0"
      },
      "peerDependencies": {
        "@types/react": ">=18.0.0",
        "immer": ">=9.0.6",
        "react": ">=18.0.0",
        "use-sync-external-store": ">=1.2.0"
      },
      "peerDependenciesMeta": {
        "@types/react": {
          "optional": true
        },
        "immer": {
          "optional": true
        },
        "react": {
          "optional": true
        },
        "use-sync-external-store": {
          "optional": true
        }
      }
    }
  }
}
